
Microsoft Visual Studio Solution File, Format Version 12.00
# Visual Studio Version 17
VisualStudioVersion = 17.8.34330.188
MinimumVisualStudioVersion = 10.0.40219.1
Project("{FAE04EC0-301F-11D3-BF4B-00C04F79EFBC}") = "Eventiq", "Eventiq\Eventiq.csproj", "{3BC2A410-9D0C-4ACB-B105-8E31630EB988}"
EndProject
Global
	GlobalSection(SolutionConfigurationPlatforms) = preSolution
		Debug|Any CPU = Debug|Any CPU
		Release|Any CPU = Release|Any CPU
	EndGlobalSection
	GlobalSection(ProjectConfigurationPlatforms) = postSolution
		{3BC2A410-9D0C-4ACB-B105-8E31630EB988}.Debug|Any CPU.ActiveCfg = Debug|Any CPU
		{3BC2A410-9D0C-4ACB-B105-8E31630EB988}.Debug|Any CPU.Build.0 = Debug|Any CPU
		{3BC2A410-9D0C-4ACB-B105-8E31630EB988}.Release|Any CPU.ActiveCfg = Release|Any CPU
		{3BC2A410-9D0C-4ACB-B105-8E31630EB988}.Release|Any CPU.Build.0 = Release|Any CPU
	EndGlobalSection
	GlobalSection(SolutionProperties) = preSolution
		HideSolutionNode = FALSE
	EndGlobalSection
	GlobalSection(ExtensibilityGlobals) = postSolution
		SolutionGuid = {91E535A9-8AE1-4D1E-AED3-26F0DE244DDA}
	EndGlobalSection
EndGlobal
